
Microsoft Visual Studio Solution File, Format Version 12.00
# Visual Studio Version 17
VisualStudioVersion = 17.6.33829.357
MinimumVisualStudioVersion = 10.0.40219.1
Project("{FAE04EC0-301F-11D3-BF4B-00C04F79EFBC}") = "WebApi", "WebApi\WebApi.csproj", "{680000E5-4BE3-4280-8928-786B03141B6A}"
EndProject
Project("{FAE04EC0-301F-11D3-BF4B-00C04F79EFBC}") = "Persistence", "Persistence\Persistence.csproj", "{8397697F-D2BC-48AB-B003-99C754488599}"
EndProject
Project("{FAE04EC0-301F-11D3-BF4B-00C04F79EFBC}") = "Domain", "Domain\Domain.csproj", "{CC75795B-0512-4A7E-BEFF-E8EFFB78CAE7}"
EndProject
Project("{FAE04EC0-301F-11D3-BF4B-00C04F79EFBC}") = "Application", "Application\Application.csproj", "{5C47E514-A965-410C-8DC6-4DEFDBF16546}"
EndProject
Project("{FAE04EC0-301F-11D3-BF4B-00C04F79EFBC}") = "Infrastructure", "Infrastructure\Infrastructure.csproj", "{A1F22DD4-02F6-46DB-A5D1-98FF0F80C61A}"
EndProject
Global
	GlobalSection(SolutionConfigurationPlatforms) = preSolution
		Debug|Any CPU = Debug|Any CPU
		Release|Any CPU = Release|Any CPU
	EndGlobalSection
	GlobalSection(ProjectConfigurationPlatforms) = postSolution
		{680000E5-4BE3-4280-8928-786B03141B6A}.Debug|Any CPU.ActiveCfg = Debug|Any CPU
		{680000E5-4BE3-4280-8928-786B03141B6A}.Debug|Any CPU.Build.0 = Debug|Any CPU
		{680000E5-4BE3-4280-8928-786B03141B6A}.Release|Any CPU.ActiveCfg = Release|Any CPU
		{680000E5-4BE3-4280-8928-786B03141B6A}.Release|Any CPU.Build.0 = Release|Any CPU
		{8397697F-D2BC-48AB-B003-99C754488599}.Debug|Any CPU.ActiveCfg = Debug|Any CPU
		{8397697F-D2BC-48AB-B003-99C754488599}.Debug|Any CPU.Build.0 = Debug|Any CPU
		{8397697F-D2BC-48AB-B003-99C754488599}.Release|Any CPU.ActiveCfg = Release|Any CPU
		{8397697F-D2BC-48AB-B003-99C754488599}.Release|Any CPU.Build.0 = Release|Any CPU
		{CC75795B-0512-4A7E-BEFF-E8EFFB78CAE7}.Debug|Any CPU.ActiveCfg = Debug|Any CPU
		{CC75795B-0512-4A7E-BEFF-E8EFFB78CAE7}.Debug|Any CPU.Build.0 = Debug|Any CPU
		{CC75795B-0512-4A7E-BEFF-E8EFFB78CAE7}.Release|Any CPU.ActiveCfg = Release|Any CPU
		{CC75795B-0512-4A7E-BEFF-E8EFFB78CAE7}.Release|Any CPU.Build.0 = Release|Any CPU
		{5C47E514-A965-410C-8DC6-4DEFDBF16546}.Debug|Any CPU.ActiveCfg = Debug|Any CPU
		{5C47E514-A965-410C-8DC6-4DEFDBF16546}.Debug|Any CPU.Build.0 = Debug|Any CPU
		{5C47E514-A965-410C-8DC6-4DEFDBF16546}.Release|Any CPU.ActiveCfg = Release|Any CPU
		{5C47E514-A965-410C-8DC6-4DEFDBF16546}.Release|Any CPU.Build.0 = Release|Any CPU
		{A1F22DD4-02F6-46DB-A5D1-98FF0F80C61A}.Debug|Any CPU.ActiveCfg = Debug|Any CPU
		{A1F22DD4-02F6-46DB-A5D1-98FF0F80C61A}.Debug|Any CPU.Build.0 = Debug|Any CPU
		{A1F22DD4-02F6-46DB-A5D1-98FF0F80C61A}.Release|Any CPU.ActiveCfg = Release|Any CPU
		{A1F22DD4-02F6-46DB-A5D1-98FF0F80C61A}.Release|Any CPU.Build.0 = Release|Any CPU
	EndGlobalSection
	GlobalSection(SolutionProperties) = preSolution
		HideSolutionNode = FALSE
	EndGlobalSection
	GlobalSection(ExtensibilityGlobals) = postSolution
		SolutionGuid = {7228E989-E105-4765-872D-8C67992D000D}
	EndGlobalSection
EndGlobal
